// !$*UTF8*$!
{
	archiveVersion = 1;
	classes = {
	};
	objectVersion = 48;
	objects = {

/* Begin PBXBuildFile section */
		B3215E8F2007AAA800144E63 /* BuscarProyectosViewController.swift in Sources */ = {isa = PBXBuildFile; fileRef = B3215E8E2007AAA700144E63 /* BuscarProyectosViewController.swift */; };
		B34593501F857CDE006BC982 /* AppDelegate.swift in Sources */ = {isa = PBXBuildFile; fileRef = B345934F1F857CDE006BC982 /* AppDelegate.swift */; };
		B34593521F857CDE006BC982 /* ViewController.swift in Sources */ = {isa = PBXBuildFile; fileRef = B34593511F857CDE006BC982 /* ViewController.swift */; };
		B34593551F857CDE006BC982 /* Main.storyboard in Resources */ = {isa = PBXBuildFile; fileRef = B34593531F857CDE006BC982 /* Main.storyboard */; };
		B34593571F857CDE006BC982 /* Assets.xcassets in Resources */ = {isa = PBXBuildFile; fileRef = B34593561F857CDE006BC982 /* Assets.xcassets */; };
		B345935A1F857CDE006BC982 /* LaunchScreen.storyboard in Resources */ = {isa = PBXBuildFile; fileRef = B34593581F857CDE006BC982 /* LaunchScreen.storyboard */; };
		B34593651F857CDF006BC982 /* ProyectosTests.swift in Sources */ = {isa = PBXBuildFile; fileRef = B34593641F857CDF006BC982 /* ProyectosTests.swift */; };
		B34593701F857CDF006BC982 /* ProyectosUITests.swift in Sources */ = {isa = PBXBuildFile; fileRef = B345936F1F857CDF006BC982 /* ProyectosUITests.swift */; };
		B345937E1F857DA4006BC982 /* EstadosTableViewController.swift in Sources */ = {isa = PBXBuildFile; fileRef = B345937D1F857DA4006BC982 /* EstadosTableViewController.swift */; };
		B36676121F86829C00C3CA32 /* EstadoTableViewCell.swift in Sources */ = {isa = PBXBuildFile; fileRef = B36676111F86829C00C3CA32 /* EstadoTableViewCell.swift */; };
		B36676141F86892100C3CA32 /* ProyectoTableViewCell.swift in Sources */ = {isa = PBXBuildFile; fileRef = B36676131F86892100C3CA32 /* ProyectoTableViewCell.swift */; };
		B36676161F868C1600C3CA32 /* ProyectosTableViewController.swift in Sources */ = {isa = PBXBuildFile; fileRef = B36676151F868C1600C3CA32 /* ProyectosTableViewController.swift */; };
		B3A16FF81FF3F67D0094D7A6 /* funciones.swift in Sources */ = {isa = PBXBuildFile; fileRef = B3A16FF71FF3F67D0094D7A6 /* funciones.swift */; };
		B3ADA12B1FFEB9690020253D /* DetalleTableViewCell.swift in Sources */ = {isa = PBXBuildFile; fileRef = B3ADA12A1FFEB9690020253D /* DetalleTableViewCell.swift */; };
		B3ADA12D1FFEB9E20020253D /* DetalleTableViewController.swift in Sources */ = {isa = PBXBuildFile; fileRef = B3ADA12C1FFEB9E20020253D /* DetalleTableViewController.swift */; };
		B3ADA12F1FFEC8720020253D /* DetalleTextoViewController.swift in Sources */ = {isa = PBXBuildFile; fileRef = B3ADA12E1FFEC8720020253D /* DetalleTextoViewController.swift */; };
		B3C71F981FFBE7C900FB9895 /* JPSistemasTableViewCell.swift in Sources */ = {isa = PBXBuildFile; fileRef = B3C71F971FFBE7C900FB9895 /* JPSistemasTableViewCell.swift */; };
		B3C71F9A1FFBE9C100FB9895 /* JPSistemasTableViewController.swift in Sources */ = {isa = PBXBuildFile; fileRef = B3C71F991FFBE9C100FB9895 /* JPSistemasTableViewController.swift */; };
		B3C71F9E1FFD802200FB9895 /* EmpresasViewController.swift in Sources */ = {isa = PBXBuildFile; fileRef = B3C71F9D1FFD802200FB9895 /* EmpresasViewController.swift */; };
		B3DF3DDA1FFD831B00F7AE65 /* EmpresasCollectionViewCell.swift in Sources */ = {isa = PBXBuildFile; fileRef = B3DF3DD91FFD831B00F7AE65 /* EmpresasCollectionViewCell.swift */; };
		E926FC802007F51C0067BBC3 /* BuscarProyectosTableViewCell.swift in Sources */ = {isa = PBXBuildFile; fileRef = E926FC7F2007F51C0067BBC3 /* BuscarProyectosTableViewCell.swift */; };
		E926FC822007F5680067BBC3 /* BuscarProyectosTableViewController.swift in Sources */ = {isa = PBXBuildFile; fileRef = E926FC812007F5680067BBC3 /* BuscarProyectosTableViewController.swift */; };
		E99EFC112007E89100A8F79F /* TarBarViewController.swift in Sources */ = {isa = PBXBuildFile; fileRef = E99EFC102007E89100A8F79F /* TarBarViewController.swift */; };
/* End PBXBuildFile section */

/* Begin PBXContainerItemProxy section */
		B34593611F857CDF006BC982 /* PBXContainerItemProxy */ = {
			isa = PBXContainerItemProxy;
			containerPortal = B34593441F857CDE006BC982 /* Project object */;
			proxyType = 1;
			remoteGlobalIDString = B345934B1F857CDE006BC982;
			remoteInfo = Proyectos;
		};
		B345936C1F857CDF006BC982 /* PBXContainerItemProxy */ = {
			isa = PBXContainerItemProxy;
			containerPortal = B34593441F857CDE006BC982 /* Project object */;
			proxyType = 1;
			remoteGlobalIDString = B345934B1F857CDE006BC982;
			remoteInfo = Proyectos;
		};
/* End PBXContainerItemProxy section */

/* Begin PBXFileReference section */
		B3215E8E2007AAA700144E63 /* BuscarProyectosViewController.swift */ = {isa = PBXFileReference; fileEncoding = 4; lastKnownFileType = sourcecode.swift; path = BuscarProyectosViewController.swift; sourceTree = "<group>"; };
		B345934C1F857CDE006BC982 /* Proyectos.app */ = {isa = PBXFileReference; explicitFileType = wrapper.application; includeInIndex = 0; path = Proyectos.app; sourceTree = BUILT_PRODUCTS_DIR; };
		B345934F1F857CDE006BC982 /* AppDelegate.swift */ = {isa = PBXFileReference; lastKnownFileType = sourcecode.swift; path = AppDelegate.swift; sourceTree = "<group>"; };
		B34593511F857CDE006BC982 /* ViewController.swift */ = {isa = PBXFileReference; lastKnownFileType = sourcecode.swift; path = ViewController.swift; sourceTree = "<group>"; };
		B34593541F857CDE006BC982 /* Base */ = {isa = PBXFileReference; lastKnownFileType = file.storyboard; name = Base; path = Base.lproj/Main.storyboard; sourceTree = "<group>"; };
		B34593561F857CDE006BC982 /* Assets.xcassets */ = {isa = PBXFileReference; lastKnownFileType = folder.assetcatalog; path = Assets.xcassets; sourceTree = "<group>"; };
		B34593591F857CDE006BC982 /* Base */ = {isa = PBXFileReference; lastKnownFileType = file.storyboard; name = Base; path = Base.lproj/LaunchScreen.storyboard; sourceTree = "<group>"; };
		B345935B1F857CDE006BC982 /* Info.plist */ = {isa = PBXFileReference; lastKnownFileType = text.plist.xml; path = Info.plist; sourceTree = "<group>"; };
		B34593601F857CDF006BC982 /* ProyectosTests.xctest */ = {isa = PBXFileReference; explicitFileType = wrapper.cfbundle; includeInIndex = 0; path = ProyectosTests.xctest; sourceTree = BUILT_PRODUCTS_DIR; };
		B34593641F857CDF006BC982 /* ProyectosTests.swift */ = {isa = PBXFileReference; lastKnownFileType = sourcecode.swift; path = ProyectosTests.swift; sourceTree = "<group>"; };
		B34593661F857CDF006BC982 /* Info.plist */ = {isa = PBXFileReference; lastKnownFileType = text.plist.xml; path = Info.plist; sourceTree = "<group>"; };
		B345936B1F857CDF006BC982 /* ProyectosUITests.xctest */ = {isa = PBXFileReference; explicitFileType = wrapper.cfbundle; includeInIndex = 0; path = ProyectosUITests.xctest; sourceTree = BUILT_PRODUCTS_DIR; };
		B345936F1F857CDF006BC982 /* ProyectosUITests.swift */ = {isa = PBXFileReference; lastKnownFileType = sourcecode.swift; path = ProyectosUITests.swift; sourceTree = "<group>"; };
		B34593711F857CDF006BC982 /* Info.plist */ = {isa = PBXFileReference; lastKnownFileType = text.plist.xml; path = Info.plist; sourceTree = "<group>"; };
		B345937D1F857DA4006BC982 /* EstadosTableViewController.swift */ = {isa = PBXFileReference; lastKnownFileType = sourcecode.swift; path = EstadosTableViewController.swift; sourceTree = "<group>"; };
		B36676111F86829C00C3CA32 /* EstadoTableViewCell.swift */ = {isa = PBXFileReference; lastKnownFileType = sourcecode.swift; path = EstadoTableViewCell.swift; sourceTree = "<group>"; };
		B36676131F86892100C3CA32 /* ProyectoTableViewCell.swift */ = {isa = PBXFileReference; lastKnownFileType = sourcecode.swift; path = ProyectoTableViewCell.swift; sourceTree = "<group>"; };
		B36676151F868C1600C3CA32 /* ProyectosTableViewController.swift */ = {isa = PBXFileReference; lastKnownFileType = sourcecode.swift; path = ProyectosTableViewController.swift; sourceTree = "<group>"; };
		B3A16FF71FF3F67D0094D7A6 /* funciones.swift */ = {isa = PBXFileReference; lastKnownFileType = sourcecode.swift; path = funciones.swift; sourceTree = "<group>"; };
		B3ADA12A1FFEB9690020253D /* DetalleTableViewCell.swift */ = {isa = PBXFileReference; lastKnownFileType = sourcecode.swift; path = DetalleTableViewCell.swift; sourceTree = "<group>"; };
		B3ADA12C1FFEB9E20020253D /* DetalleTableViewController.swift */ = {isa = PBXFileReference; lastKnownFileType = sourcecode.swift; path = DetalleTableViewController.swift; sourceTree = "<group>"; };
		B3ADA12E1FFEC8720020253D /* DetalleTextoViewController.swift */ = {isa = PBXFileReference; lastKnownFileType = sourcecode.swift; path = DetalleTextoViewController.swift; sourceTree = "<group>"; };
		B3C71F971FFBE7C900FB9895 /* JPSistemasTableViewCell.swift */ = {isa = PBXFileReference; lastKnownFileType = sourcecode.swift; path = JPSistemasTableViewCell.swift; sourceTree = "<group>"; };
		B3C71F991FFBE9C100FB9895 /* JPSistemasTableViewController.swift */ = {isa = PBXFileReference; lastKnownFileType = sourcecode.swift; path = JPSistemasTableViewController.swift; sourceTree = "<group>"; };
		B3C71F9D1FFD802200FB9895 /* EmpresasViewController.swift */ = {isa = PBXFileReference; lastKnownFileType = sourcecode.swift; path = EmpresasViewController.swift; sourceTree = "<group>"; };
		B3DF3DD91FFD831B00F7AE65 /* EmpresasCollectionViewCell.swift */ = {isa = PBXFileReference; lastKnownFileType = sourcecode.swift; path = EmpresasCollectionViewCell.swift; sourceTree = "<group>"; };
		E926FC7F2007F51C0067BBC3 /* BuscarProyectosTableViewCell.swift */ = {isa = PBXFileReference; lastKnownFileType = sourcecode.swift; path = BuscarProyectosTableViewCell.swift; sourceTree = "<group>"; };
		E926FC812007F5680067BBC3 /* BuscarProyectosTableViewController.swift */ = {isa = PBXFileReference; lastKnownFileType = sourcecode.swift; path = BuscarProyectosTableViewController.swift; sourceTree = "<group>"; };
		E99EFC102007E89100A8F79F /* TarBarViewController.swift */ = {isa = PBXFileReference; lastKnownFileType = sourcecode.swift; path = TarBarViewController.swift; sourceTree = "<group>"; };
/* End PBXFileReference section */

/* Begin PBXFrameworksBuildPhase section */
		B34593491F857CDE006BC982 /* Frameworks */ = {
			isa = PBXFrameworksBuildPhase;
			buildActionMask = 2147483647;
			files = (
			);
			runOnlyForDeploymentPostprocessing = 0;
		};
		B345935D1F857CDF006BC982 /* Frameworks */ = {
			isa = PBXFrameworksBuildPhase;
			buildActionMask = 2147483647;
			files = (
			);
			runOnlyForDeploymentPostprocessing = 0;
		};
		B34593681F857CDF006BC982 /* Frameworks */ = {
			isa = PBXFrameworksBuildPhase;
			buildActionMask = 2147483647;
			files = (
			);
			runOnlyForDeploymentPostprocessing = 0;
		};
/* End PBXFrameworksBuildPhase section */

/* Begin PBXGroup section */
		B34593431F857CDE006BC982 = {
			isa = PBXGroup;
			children = (
				B345934E1F857CDE006BC982 /* Proyectos */,
				B34593631F857CDF006BC982 /* ProyectosTests */,
				B345936E1F857CDF006BC982 /* ProyectosUITests */,
				B345934D1F857CDE006BC982 /* Products */,
			);
			sourceTree = "<group>";
		};
		B345934D1F857CDE006BC982 /* Products */ = {
			isa = PBXGroup;
			children = (
				B345934C1F857CDE006BC982 /* Proyectos.app */,
				B34593601F857CDF006BC982 /* ProyectosTests.xctest */,
				B345936B1F857CDF006BC982 /* ProyectosUITests.xctest */,
			);
			name = Products;
			sourceTree = "<group>";
		};
		B345934E1F857CDE006BC982 /* Proyectos */ = {
			isa = PBXGroup;
			children = (
				B345935B1F857CDE006BC982 /* Info.plist */,
				B345934F1F857CDE006BC982 /* AppDelegate.swift */,
				B3A16FF71FF3F67D0094D7A6 /* funciones.swift */,
				B34593561F857CDE006BC982 /* Assets.xcassets */,
				B3EE7DE12003C60A00E35BB2 /* cells */,
				B3EE7DE22003C64000E35BB2 /* controllers */,
				B34593581F857CDE006BC982 /* LaunchScreen.storyboard */,
				B34593531F857CDE006BC982 /* Main.storyboard */,
			);
			path = Proyectos;
			sourceTree = "<group>";
		};
		B34593631F857CDF006BC982 /* ProyectosTests */ = {
			isa = PBXGroup;
			children = (
				B34593641F857CDF006BC982 /* ProyectosTests.swift */,
				B34593661F857CDF006BC982 /* Info.plist */,
			);
			path = ProyectosTests;
			sourceTree = "<group>";
		};
		B345936E1F857CDF006BC982 /* ProyectosUITests */ = {
			isa = PBXGroup;
			children = (
				B345936F1F857CDF006BC982 /* ProyectosUITests.swift */,
				B34593711F857CDF006BC982 /* Info.plist */,
			);
			path = ProyectosUITests;
			sourceTree = "<group>";
		};
		B3EE7DE12003C60A00E35BB2 /* cells */ = {
			isa = PBXGroup;
			children = (
				B3EE7DE32003CDC500E35BB2 /* Editar */,
				B3ADA12A1FFEB9690020253D /* DetalleTableViewCell.swift */,
				B3DF3DD91FFD831B00F7AE65 /* EmpresasCollectionViewCell.swift */,
				B36676111F86829C00C3CA32 /* EstadoTableViewCell.swift */,
				B3C71F971FFBE7C900FB9895 /* JPSistemasTableViewCell.swift */,
				B36676131F86892100C3CA32 /* ProyectoTableViewCell.swift */,
				E926FC7F2007F51C0067BBC3 /* BuscarProyectosTableViewCell.swift */,
			);
			path = cells;
			sourceTree = "<group>";
		};
		B3EE7DE22003C64000E35BB2 /* controllers */ = {
			isa = PBXGroup;
			children = (
				B3215E8E2007AAA700144E63 /* BuscarProyectosViewController.swift */,
				B3ADA12C1FFEB9E20020253D /* DetalleTableViewController.swift */,
				B3ADA12E1FFEC8720020253D /* DetalleTextoViewController.swift */,
				B3C71F9D1FFD802200FB9895 /* EmpresasViewController.swift */,
				B345937D1F857DA4006BC982 /* EstadosTableViewController.swift */,
				B3C71F991FFBE9C100FB9895 /* JPSistemasTableViewController.swift */,
				B36676151F868C1600C3CA32 /* ProyectosTableViewController.swift */,
				B34593511F857CDE006BC982 /* ViewController.swift */,
				E99EFC102007E89100A8F79F /* TarBarViewController.swift */,
				E926FC812007F5680067BBC3 /* BuscarProyectosTableViewController.swift */,
			);
			path = controllers;
			sourceTree = "<group>";
		};
		B3EE7DE32003CDC500E35BB2 /* Editar */ = {
			isa = PBXGroup;
			children = (
			);
			path = Editar;
			sourceTree = "<group>";
		};
/* End PBXGroup section */

/* Begin PBXNativeTarget section */
		B345934B1F857CDE006BC982 /* Proyectos */ = {
			isa = PBXNativeTarget;
			buildConfigurationList = B34593741F857CE0006BC982 /* Build configuration list for PBXNativeTarget "Proyectos" */;
			buildPhases = (
				B34593481F857CDE006BC982 /* Sources */,
				B34593491F857CDE006BC982 /* Frameworks */,
				B345934A1F857CDE006BC982 /* Resources */,
			);
			buildRules = (
			);
			dependencies = (
			);
			name = Proyectos;
			productName = Proyectos;
			productReference = B345934C1F857CDE006BC982 /* Proyectos.app */;
			productType = "com.apple.product-type.application";
		};
		B345935F1F857CDF006BC982 /* ProyectosTests */ = {
			isa = PBXNativeTarget;
			buildConfigurationList = B34593771F857CE0006BC982 /* Build configuration list for PBXNativeTarget "ProyectosTests" */;
			buildPhases = (
				B345935C1F857CDF006BC982 /* Sources */,
				B345935D1F857CDF006BC982 /* Frameworks */,
				B345935E1F857CDF006BC982 /* Resources */,
			);
			buildRules = (
			);
			dependencies = (
				B34593621F857CDF006BC982 /* PBXTargetDependency */,
			);
			name = ProyectosTests;
			productName = ProyectosTests;
			productReference = B34593601F857CDF006BC982 /* ProyectosTests.xctest */;
			productType = "com.apple.product-type.bundle.unit-test";
		};
		B345936A1F857CDF006BC982 /* ProyectosUITests */ = {
			isa = PBXNativeTarget;
			buildConfigurationList = B345937A1F857CE0006BC982 /* Build configuration list for PBXNativeTarget "ProyectosUITests" */;
			buildPhases = (
				B34593671F857CDF006BC982 /* Sources */,
				B34593681F857CDF006BC982 /* Frameworks */,
				B34593691F857CDF006BC982 /* Resources */,
			);
			buildRules = (
			);
			dependencies = (
				B345936D1F857CDF006BC982 /* PBXTargetDependency */,
			);
			name = ProyectosUITests;
			productName = ProyectosUITests;
			productReference = B345936B1F857CDF006BC982 /* ProyectosUITests.xctest */;
			productType = "com.apple.product-type.bundle.ui-testing";
		};
/* End PBXNativeTarget section */

/* Begin PBXProject section */
		B34593441F857CDE006BC982 /* Project object */ = {
			isa = PBXProject;
			attributes = {
				LastSwiftUpdateCheck = 0900;
				LastUpgradeCheck = 0900;
				ORGANIZATIONNAME = SistemasSA;
				TargetAttributes = {
					B345934B1F857CDE006BC982 = {
						CreatedOnToolsVersion = 9.0;
						ProvisioningStyle = Automatic;
					};
					B345935F1F857CDF006BC982 = {
						CreatedOnToolsVersion = 9.0;
						ProvisioningStyle = Automatic;
						TestTargetID = B345934B1F857CDE006BC982;
					};
					B345936A1F857CDF006BC982 = {
						CreatedOnToolsVersion = 9.0;
						ProvisioningStyle = Automatic;
						TestTargetID = B345934B1F857CDE006BC982;
					};
				};
			};
			buildConfigurationList = B34593471F857CDE006BC982 /* Build configuration list for PBXProject "Proyectos" */;
			compatibilityVersion = "Xcode 8.0";
			developmentRegion = en;
			hasScannedForEncodings = 0;
			knownRegions = (
				en,
				Base,
			);
			mainGroup = B34593431F857CDE006BC982;
			productRefGroup = B345934D1F857CDE006BC982 /* Products */;
			projectDirPath = "";
			projectRoot = "";
			targets = (
				B345934B1F857CDE006BC982 /* Proyectos */,
				B345935F1F857CDF006BC982 /* ProyectosTests */,
				B345936A1F857CDF006BC982 /* ProyectosUITests */,
			);
		};
/* End PBXProject section */

/* Begin PBXResourcesBuildPhase section */
		B345934A1F857CDE006BC982 /* Resources */ = {
			isa = PBXResourcesBuildPhase;
			buildActionMask = 2147483647;
			files = (
				B345935A1F857CDE006BC982 /* LaunchScreen.storyboard in Resources */,
				B34593571F857CDE006BC982 /* Assets.xcassets in Resources */,
				B34593551F857CDE006BC982 /* Main.storyboard in Resources */,
			);
			runOnlyForDeploymentPostprocessing = 0;
		};
		B345935E1F857CDF006BC982 /* Resources */ = {
			isa = PBXResourcesBuildPhase;
			buildActionMask = 2147483647;
			files = (
			);
			runOnlyForDeploymentPostprocessing = 0;
		};
		B34593691F857CDF006BC982 /* Resources */ = {
			isa = PBXResourcesBuildPhase;
			buildActionMask = 2147483647;
			files = (
			);
			runOnlyForDeploymentPostprocessing = 0;
		};
/* End PBXResourcesBuildPhase section */

/* Begin PBXSourcesBuildPhase section */
		B34593481F857CDE006BC982 /* Sources */ = {
			isa = PBXSourcesBuildPhase;
			buildActionMask = 2147483647;
			files = (
				E99EFC112007E89100A8F79F /* TarBarViewController.swift in Sources */,
				B36676161F868C1600C3CA32 /* ProyectosTableViewController.swift in Sources */,
				B3A16FF81FF3F67D0094D7A6 /* funciones.swift in Sources */,
				B3ADA12F1FFEC8720020253D /* DetalleTextoViewController.swift in Sources */,
				B3C71F9E1FFD802200FB9895 /* EmpresasViewController.swift in Sources */,
				B3ADA12B1FFEB9690020253D /* DetalleTableViewCell.swift in Sources */,
				B345937E1F857DA4006BC982 /* EstadosTableViewController.swift in Sources */,
				B3215E8F2007AAA800144E63 /* BuscarProyectosViewController.swift in Sources */,
				B3DF3DDA1FFD831B00F7AE65 /* EmpresasCollectionViewCell.swift in Sources */,
				B34593521F857CDE006BC982 /* ViewController.swift in Sources */,
				B3C71F9A1FFBE9C100FB9895 /* JPSistemasTableViewController.swift in Sources */,
				B36676121F86829C00C3CA32 /* EstadoTableViewCell.swift in Sources */,
				B3ADA12D1FFEB9E20020253D /* DetalleTableViewController.swift in Sources */,
				E926FC802007F51C0067BBC3 /* BuscarProyectosTableViewCell.swift in Sources */,
				B36676141F86892100C3CA32 /* ProyectoTableViewCell.swift in Sources */,
				B3C71F981FFBE7C900FB9895 /* JPSistemasTableViewCell.swift in Sources */,
				E926FC822007F5680067BBC3 /* BuscarProyectosTableViewController.swift in Sources */,
				B34593501F857CDE006BC982 /* AppDelegate.swift in Sources */,
			);
			runOnlyForDeploymentPostprocessing = 0;
		};
		B345935C1F857CDF006BC982 /* Sources */ = {
			isa = PBXSourcesBuildPhase;
			buildActionMask = 2147483647;
			files = (
				B34593651F857CDF006BC982 /* ProyectosTests.swift in Sources */,
			);
			runOnlyForDeploymentPostprocessing = 0;
		};
		B34593671F857CDF006BC982 /* Sources */ = {
			isa = PBXSourcesBuildPhase;
			buildActionMask = 2147483647;
			files = (
				B34593701F857CDF006BC982 /* ProyectosUITests.swift in Sources */,
			);
			runOnlyForDeploymentPostprocessing = 0;
		};
/* End PBXSourcesBuildPhase section */

/* Begin PBXTargetDependency section */
		B34593621F857CDF006BC982 /* PBXTargetDependency */ = {
			isa = PBXTargetDependency;
			target = B345934B1F857CDE006BC982 /* Proyectos */;
			targetProxy = B34593611F857CDF006BC982 /* PBXContainerItemProxy */;
		};
		B345936D1F857CDF006BC982 /* PBXTargetDependency */ = {
			isa = PBXTargetDependency;
			target = B345934B1F857CDE006BC982 /* Proyectos */;
			targetProxy = B345936C1F857CDF006BC982 /* PBXContainerItemProxy */;
		};
/* End PBXTargetDependency section */

/* Begin PBXVariantGroup section */
		B34593531F857CDE006BC982 /* Main.storyboard */ = {
			isa = PBXVariantGroup;
			children = (
				B34593541F857CDE006BC982 /* Base */,
			);
			name = Main.storyboard;
			sourceTree = "<group>";
		};
		B34593581F857CDE006BC982 /* LaunchScreen.storyboard */ = {
			isa = PBXVariantGroup;
			children = (
				B34593591F857CDE006BC982 /* Base */,
			);
			name = LaunchScreen.storyboard;
			sourceTree = "<group>";
		};
/* End PBXVariantGroup section */

/* Begin XCBuildConfiguration section */
		B34593721F857CDF006BC982 /* Debug */ = {
			isa = XCBuildConfiguration;
			buildSettings = {
				ALWAYS_SEARCH_USER_PATHS = NO;
				CLANG_ANALYZER_NONNULL = YES;
				CLANG_ANALYZER_NUMBER_OBJECT_CONVERSION = YES_AGGRESSIVE;
				CLANG_CXX_LANGUAGE_STANDARD = "gnu++14";
				CLANG_CXX_LIBRARY = "libc++";
				CLANG_ENABLE_MODULES = YES;
				CLANG_ENABLE_OBJC_ARC = YES;
				CLANG_WARN_BLOCK_CAPTURE_AUTORELEASING = YES;
				CLANG_WARN_BOOL_CONVERSION = YES;
				CLANG_WARN_COMMA = YES;
				CLANG_WARN_CONSTANT_CONVERSION = YES;
				CLANG_WARN_DIRECT_OBJC_ISA_USAGE = YES_ERROR;
				CLANG_WARN_DOCUMENTATION_COMMENTS = YES;
				CLANG_WARN_EMPTY_BODY = YES;
				CLANG_WARN_ENUM_CONVERSION = YES;
				CLANG_WARN_INFINITE_RECURSION = YES;
				CLANG_WARN_INT_CONVERSION = YES;
				CLANG_WARN_NON_LITERAL_NULL_CONVERSION = YES;
				CLANG_WARN_OBJC_LITERAL_CONVERSION = YES;
				CLANG_WARN_OBJC_ROOT_CLASS = YES_ERROR;
				CLANG_WARN_RANGE_LOOP_ANALYSIS = YES;
				CLANG_WARN_STRICT_PROTOTYPES = YES;
				CLANG_WARN_SUSPICIOUS_MOVE = YES;
				CLANG_WARN_UNGUARDED_AVAILABILITY = YES_AGGRESSIVE;
				CLANG_WARN_UNREACHABLE_CODE = YES;
				CLANG_WARN__DUPLICATE_METHOD_MATCH = YES;
				CODE_SIGN_IDENTITY = "iPhone Developer";
				COPY_PHASE_STRIP = NO;
				DEBUG_INFORMATION_FORMAT = dwarf;
				ENABLE_STRICT_OBJC_MSGSEND = YES;
				ENABLE_TESTABILITY = YES;
				GCC_C_LANGUAGE_STANDARD = gnu11;
				GCC_DYNAMIC_NO_PIC = NO;
				GCC_NO_COMMON_BLOCKS = YES;
				GCC_OPTIMIZATION_LEVEL = 0;
				GCC_PREPROCESSOR_DEFINITIONS = (
					"DEBUG=1",
					"$(inherited)",
				);
				GCC_WARN_64_TO_32_BIT_CONVERSION = YES;
				GCC_WARN_ABOUT_RETURN_TYPE = YES_ERROR;
				GCC_WARN_UNDECLARED_SELECTOR = YES;
				GCC_WARN_UNINITIALIZED_AUTOS = YES_AGGRESSIVE;
				GCC_WARN_UNUSED_FUNCTION = YES;
				GCC_WARN_UNUSED_VARIABLE = YES;
				IPHONEOS_DEPLOYMENT_TARGET = 11.0;
				MTL_ENABLE_DEBUG_INFO = YES;
				ONLY_ACTIVE_ARCH = YES;
				SDKROOT = iphoneos;
				SWIFT_ACTIVE_COMPILATION_CONDITIONS = DEBUG;
				SWIFT_OPTIMIZATION_LEVEL = "-Onone";
			};
			name = Debug;
		};
		B34593731F857CDF006BC982 /* Release */ = {
			isa = XCBuildConfiguration;
			buildSettings = {
				ALWAYS_SEARCH_USER_PATHS = NO;
				CLANG_ANALYZER_NONNULL = YES;
				CLANG_ANALYZER_NUMBER_OBJECT_CONVERSION = YES_AGGRESSIVE;
				CLANG_CXX_LANGUAGE_STANDARD = "gnu++14";
				CLANG_CXX_LIBRARY = "libc++";
				CLANG_ENABLE_MODULES = YES;
				CLANG_ENABLE_OBJC_ARC = YES;
				CLANG_WARN_BLOCK_CAPTURE_AUTORELEASING = YES;
				CLANG_WARN_BOOL_CONVERSION = YES;
				CLANG_WARN_COMMA = YES;
				CLANG_WARN_CONSTANT_CONVERSION = YES;
				CLANG_WARN_DIRECT_OBJC_ISA_USAGE = YES_ERROR;
				CLANG_WARN_DOCUMENTATION_COMMENTS = YES;
				CLANG_WARN_EMPTY_BODY = YES;
				CLANG_WARN_ENUM_CONVERSION = YES;
				CLANG_WARN_INFINITE_RECURSION = YES;
				CLANG_WARN_INT_CONVERSION = YES;
				CLANG_WARN_NON_LITERAL_NULL_CONVERSION = YES;
				CLANG_WARN_OBJC_LITERAL_CONVERSION = YES;
				CLANG_WARN_OBJC_ROOT_CLASS = YES_ERROR;
				CLANG_WARN_RANGE_LOOP_ANALYSIS = YES;
				CLANG_WARN_STRICT_PROTOTYPES = YES;
				CLANG_WARN_SUSPICIOUS_MOVE = YES;
				CLANG_WARN_UNGUARDED_AVAILABILITY = YES_AGGRESSIVE;
				CLANG_WARN_UNREACHABLE_CODE = YES;
				CLANG_WARN__DUPLICATE_METHOD_MATCH = YES;
				CODE_SIGN_IDENTITY = "iPhone Developer";
				COPY_PHASE_STRIP = NO;
				DEBUG_INFORMATION_FORMAT = "dwarf-with-dsym";
				ENABLE_NS_ASSERTIONS = NO;
				ENABLE_STRICT_OBJC_MSGSEND = YES;
				GCC_C_LANGUAGE_STANDARD = gnu11;
				GCC_NO_COMMON_BLOCKS = YES;
				GCC_WARN_64_TO_32_BIT_CONVERSION = YES;
				GCC_WARN_ABOUT_RETURN_TYPE = YES_ERROR;
				GCC_WARN_UNDECLARED_SELECTOR = YES;
				GCC_WARN_UNINITIALIZED_AUTOS = YES_AGGRESSIVE;
				GCC_WARN_UNUSED_FUNCTION = YES;
				GCC_WARN_UNUSED_VARIABLE = YES;
				IPHONEOS_DEPLOYMENT_TARGET = 11.0;
				MTL_ENABLE_DEBUG_INFO = NO;
				SDKROOT = iphoneos;
				SWIFT_OPTIMIZATION_LEVEL = "-Owholemodule";
				VALIDATE_PRODUCT = YES;
			};
			name = Release;
		};
		B34593751F857CE0006BC982 /* Debug */ = {
			isa = XCBuildConfiguration;
			buildSettings = {
				ASSETCATALOG_COMPILER_APPICON_NAME = AppIcon;
				CODE_SIGN_STYLE = Automatic;
				DEVELOPMENT_TEAM = PJAW6R6Y6U;
				INFOPLIST_FILE = Proyectos/Info.plist;
				LD_RUNPATH_SEARCH_PATHS = "$(inherited) @executable_path/Frameworks";
				PRODUCT_BUNDLE_IDENTIFIER = com.sistemas.Proyectos;
				PRODUCT_NAME = "$(TARGET_NAME)";
				SWIFT_VERSION = 4.0;
				TARGETED_DEVICE_FAMILY = "1,2";
			};
			name = Debug;
		};
		B34593761F857CE0006BC982 /* Release */ = {
			isa = XCBuildConfiguration;
			buildSettings = {
				ASSETCATALOG_COMPILER_APPICON_NAME = AppIcon;
				CODE_SIGN_STYLE = Automatic;
				DEVELOPMENT_TEAM = PJAW6R6Y6U;
				INFOPLIST_FILE = Proyectos/Info.plist;
				LD_RUNPATH_SEARCH_PATHS = "$(inherited) @executable_path/Frameworks";
				PRODUCT_BUNDLE_IDENTIFIER = com.sistemas.Proyectos;
				PRODUCT_NAME = "$(TARGET_NAME)";
				SWIFT_VERSION = 4.0;
				TARGETED_DEVICE_FAMILY = "1,2";
			};
			name = Release;
		};
		B34593781F857CE0006BC982 /* Debug */ = {
			isa = XCBuildConfiguration;
			buildSettings = {
				ALWAYS_EMBED_SWIFT_STANDARD_LIBRARIES = YES;
				BUNDLE_LOADER = "$(TEST_HOST)";
				CODE_SIGN_STYLE = Automatic;
				DEVELOPMENT_TEAM = PJAW6R6Y6U;
				INFOPLIST_FILE = ProyectosTests/Info.plist;
				LD_RUNPATH_SEARCH_PATHS = "$(inherited) @executable_path/Frameworks @loader_path/Frameworks";
				PRODUCT_BUNDLE_IDENTIFIER = com.sistemas.ProyectosTests;
				PRODUCT_NAME = "$(TARGET_NAME)";
				SWIFT_VERSION = 4.0;
				TARGETED_DEVICE_FAMILY = "1,2";
				TEST_HOST = "$(BUILT_PRODUCTS_DIR)/Proyectos.app/Proyectos";
			};
			name = Debug;
		};
		B34593791F857CE0006BC982 /* Release */ = {
			isa = XCBuildConfiguration;
			buildSettings = {
				ALWAYS_EMBED_SWIFT_STANDARD_LIBRARIES = YES;
				BUNDLE_LOADER = "$(TEST_HOST)";
				CODE_SIGN_STYLE = Automatic;
				DEVELOPMENT_TEAM = PJAW6R6Y6U;
				INFOPLIST_FILE = ProyectosTests/Info.plist;
				LD_RUNPATH_SEARCH_PATHS = "$(inherited) @executable_path/Frameworks @loader_path/Frameworks";
				PRODUCT_BUNDLE_IDENTIFIER = com.sistemas.ProyectosTests;
				PRODUCT_NAME = "$(TARGET_NAME)";
				SWIFT_VERSION = 4.0;
				TARGETED_DEVICE_FAMILY = "1,2";
				TEST_HOST = "$(BUILT_PRODUCTS_DIR)/Proyectos.app/Proyectos";
			};
			name = Release;
		};
		B345937B1F857CE0006BC982 /* Debug */ = {
			isa = XCBuildConfiguration;
			buildSettings = {
				ALWAYS_EMBED_SWIFT_STANDARD_LIBRARIES = YES;
				CODE_SIGN_STYLE = Automatic;
				DEVELOPMENT_TEAM = PJAW6R6Y6U;
				INFOPLIST_FILE = ProyectosUITests/Info.plist;
				LD_RUNPATH_SEARCH_PATHS = "$(inherited) @executable_path/Frameworks @loader_path/Frameworks";
				PRODUCT_BUNDLE_IDENTIFIER = com.sistemas.ProyectosUITests;
				PRODUCT_NAME = "$(TARGET_NAME)";
				SWIFT_VERSION = 4.0;
				TARGETED_DEVICE_FAMILY = "1,2";
				TEST_TARGET_NAME = Proyectos;
			};
			name = Debug;
		};
		B345937C1F857CE0006BC982 /* Release */ = {
			isa = XCBuildConfiguration;
			buildSettings = {
				ALWAYS_EMBED_SWIFT_STANDARD_LIBRARIES = YES;
				CODE_SIGN_STYLE = Automatic;
				DEVELOPMENT_TEAM = PJAW6R6Y6U;
				INFOPLIST_FILE = ProyectosUITests/Info.plist;
				LD_RUNPATH_SEARCH_PATHS = "$(inherited) @executable_path/Frameworks @loader_path/Frameworks";
				PRODUCT_BUNDLE_IDENTIFIER = com.sistemas.ProyectosUITests;
				PRODUCT_NAME = "$(TARGET_NAME)";
				SWIFT_VERSION = 4.0;
				TARGETED_DEVICE_FAMILY = "1,2";
				TEST_TARGET_NAME = Proyectos;
			};
			name = Release;
		};
/* End XCBuildConfiguration section */

/* Begin XCConfigurationList section */
		B34593471F857CDE006BC982 /* Build configuration list for PBXProject "Proyectos" */ = {
			isa = XCConfigurationList;
			buildConfigurations = (
				B34593721F857CDF006BC982 /* Debug */,
				B34593731F857CDF006BC982 /* Release */,
			);
			defaultConfigurationIsVisible = 0;
			defaultConfigurationName = Release;
		};
		B34593741F857CE0006BC982 /* Build configuration list for PBXNativeTarget "Proyectos" */ = {
			isa = XCConfigurationList;
			buildConfigurations = (
				B34593751F857CE0006BC982 /* Debug */,
				B34593761F857CE0006BC982 /* Release */,
			);
			defaultConfigurationIsVisible = 0;
			defaultConfigurationName = Release;
		};
		B34593771F857CE0006BC982 /* Build configuration list for PBXNativeTarget "ProyectosTests" */ = {
			isa = XCConfigurationList;
			buildConfigurations = (
				B34593781F857CE0006BC982 /* Debug */,
				B34593791F857CE0006BC982 /* Release */,
			);
			defaultConfigurationIsVisible = 0;
			defaultConfigurationName = Release;
		};
		B345937A1F857CE0006BC982 /* Build configuration list for PBXNativeTarget "ProyectosUITests" */ = {
			isa = XCConfigurationList;
			buildConfigurations = (
				B345937B1F857CE0006BC982 /* Debug */,
				B345937C1F857CE0006BC982 /* Release */,
			);
			defaultConfigurationIsVisible = 0;
			defaultConfigurationName = Release;
		};
/* End XCConfigurationList section */
	};
	rootObject = B34593441F857CDE006BC982 /* Project object */;
}
